
Microsoft Visual Studio Solution File, Format Version 12.00
# Visual Studio Version 17
VisualStudioVersion = 17.4.33213.308
MinimumVisualStudioVersion = 10.0.40219.1
Project("{FAE04EC0-301F-11D3-BF4B-00C04F79EFBC}") = "RealEstate", "RealEstate\RealEstate.csproj", "{3A443D1A-0CB2-440A-B609-23644723DA9A}"
EndProject
Project("{FAE04EC0-301F-11D3-BF4B-00C04F79EFBC}") = "RealEstateGUI", "RealEstateGUI\RealEstateGUI.csproj", "{B0814F58-9515-48CD-9F76-DCCAF06BC337}"
EndProject
Global
	GlobalSection(SolutionConfigurationPlatforms) = preSolution
		Debug|Any CPU = Debug|Any CPU
		Release|Any CPU = Release|Any CPU
	EndGlobalSection
	GlobalSection(ProjectConfigurationPlatforms) = postSolution
		{3A443D1A-0CB2-440A-B609-23644723DA9A}.Debug|Any CPU.ActiveCfg = Debug|Any CPU
		{3A443D1A-0CB2-440A-B609-23644723DA9A}.Debug|Any CPU.Build.0 = Debug|Any CPU
		{3A443D1A-0CB2-440A-B609-23644723DA9A}.Release|Any CPU.ActiveCfg = Release|Any CPU
		{3A443D1A-0CB2-440A-B609-23644723DA9A}.Release|Any CPU.Build.0 = Release|Any CPU
		{B0814F58-9515-48CD-9F76-DCCAF06BC337}.Debug|Any CPU.ActiveCfg = Debug|Any CPU
		{B0814F58-9515-48CD-9F76-DCCAF06BC337}.Debug|Any CPU.Build.0 = Debug|Any CPU
		{B0814F58-9515-48CD-9F76-DCCAF06BC337}.Release|Any CPU.ActiveCfg = Release|Any CPU
		{B0814F58-9515-48CD-9F76-DCCAF06BC337}.Release|Any CPU.Build.0 = Release|Any CPU
	EndGlobalSection
	GlobalSection(SolutionProperties) = preSolution
		HideSolutionNode = FALSE
	EndGlobalSection
	GlobalSection(ExtensibilityGlobals) = postSolution
		SolutionGuid = {A16C40C6-3DCC-4CF0-BD59-98818F6F0932}
	EndGlobalSection
EndGlobal
