
Microsoft Visual Studio Solution File, Format Version 12.00
# Visual Studio Version 17
VisualStudioVersion = 17.3.32922.545
MinimumVisualStudioVersion = 10.0.40219.1
Project("{FAE04EC0-301F-11D3-BF4B-00C04F79EFBC}") = "Kerényi_Róbert_BackEnd_6", "Kerényi_Róbert_BackEnd_6\Kerényi_Róbert_BackEnd_6.csproj", "{0AB13E8C-93E2-4692-B3A3-64F901103E1D}"
EndProject
Global
	GlobalSection(SolutionConfigurationPlatforms) = preSolution
		Debug|Any CPU = Debug|Any CPU
		Release|Any CPU = Release|Any CPU
	EndGlobalSection
	GlobalSection(ProjectConfigurationPlatforms) = postSolution
		{0AB13E8C-93E2-4692-B3A3-64F901103E1D}.Debug|Any CPU.ActiveCfg = Debug|Any CPU
		{0AB13E8C-93E2-4692-B3A3-64F901103E1D}.Debug|Any CPU.Build.0 = Debug|Any CPU
		{0AB13E8C-93E2-4692-B3A3-64F901103E1D}.Release|Any CPU.ActiveCfg = Release|Any CPU
		{0AB13E8C-93E2-4692-B3A3-64F901103E1D}.Release|Any CPU.Build.0 = Release|Any CPU
	EndGlobalSection
	GlobalSection(SolutionProperties) = preSolution
		HideSolutionNode = FALSE
	EndGlobalSection
	GlobalSection(ExtensibilityGlobals) = postSolution
		SolutionGuid = {C3C449B9-89DD-4DEE-97B5-DBEE08588F34}
	EndGlobalSection
EndGlobal
