
Microsoft Visual Studio Solution File, Format Version 12.00
# Visual Studio Version 17
VisualStudioVersion = 17.4.33213.308
MinimumVisualStudioVersion = 10.0.40219.1
Project("{FAE04EC0-301F-11D3-BF4B-00C04F79EFBC}") = "Iskola", "Iskola\Iskola.csproj", "{E7D0F0DC-90F6-416B-B0B8-F7D6A3330647}"
EndProject
Project("{FAE04EC0-301F-11D3-BF4B-00C04F79EFBC}") = "IskolaTests", "IskolaTests\IskolaTests.csproj", "{FC8B404C-CCB3-4F4B-889E-B1BB3EC3E4ED}"
EndProject
Global
	GlobalSection(SolutionConfigurationPlatforms) = preSolution
		Debug|Any CPU = Debug|Any CPU
		Release|Any CPU = Release|Any CPU
	EndGlobalSection
	GlobalSection(ProjectConfigurationPlatforms) = postSolution
		{E7D0F0DC-90F6-416B-B0B8-F7D6A3330647}.Debug|Any CPU.ActiveCfg = Debug|Any CPU
		{E7D0F0DC-90F6-416B-B0B8-F7D6A3330647}.Debug|Any CPU.Build.0 = Debug|Any CPU
		{E7D0F0DC-90F6-416B-B0B8-F7D6A3330647}.Release|Any CPU.ActiveCfg = Release|Any CPU
		{E7D0F0DC-90F6-416B-B0B8-F7D6A3330647}.Release|Any CPU.Build.0 = Release|Any CPU
		{FC8B404C-CCB3-4F4B-889E-B1BB3EC3E4ED}.Debug|Any CPU.ActiveCfg = Debug|Any CPU
		{FC8B404C-CCB3-4F4B-889E-B1BB3EC3E4ED}.Debug|Any CPU.Build.0 = Debug|Any CPU
		{FC8B404C-CCB3-4F4B-889E-B1BB3EC3E4ED}.Release|Any CPU.ActiveCfg = Release|Any CPU
		{FC8B404C-CCB3-4F4B-889E-B1BB3EC3E4ED}.Release|Any CPU.Build.0 = Release|Any CPU
	EndGlobalSection
	GlobalSection(SolutionProperties) = preSolution
		HideSolutionNode = FALSE
	EndGlobalSection
	GlobalSection(ExtensibilityGlobals) = postSolution
		SolutionGuid = {C02B871D-0A22-4BC6-ADF0-49871465E4B6}
	EndGlobalSection
EndGlobal
