
Microsoft Visual Studio Solution File, Format Version 12.00
# Visual Studio Version 17
VisualStudioVersion = 17.4.33213.308
MinimumVisualStudioVersion = 10.0.40219.1
Project("{FAE04EC0-301F-11D3-BF4B-00C04F79EFBC}") = "Csudh", "Csudh\Csudh.csproj", "{62F5137D-6BD8-4DA3-8E45-59935B863BAE}"
EndProject
Project("{FAE04EC0-301F-11D3-BF4B-00C04F79EFBC}") = "CsudhTests", "CsudhTests\CsudhTests.csproj", "{2C4209A4-2B3F-4713-9E8A-5149A7183E87}"
EndProject
Project("{FAE04EC0-301F-11D3-BF4B-00C04F79EFBC}") = "IpcimWPF", "IpcimWPF\IpcimWPF.csproj", "{9ADF37B1-F795-4909-AB3E-02C83AAEBDCD}"
EndProject
Global
	GlobalSection(SolutionConfigurationPlatforms) = preSolution
		Debug|Any CPU = Debug|Any CPU
		Release|Any CPU = Release|Any CPU
	EndGlobalSection
	GlobalSection(ProjectConfigurationPlatforms) = postSolution
		{62F5137D-6BD8-4DA3-8E45-59935B863BAE}.Debug|Any CPU.ActiveCfg = Debug|Any CPU
		{62F5137D-6BD8-4DA3-8E45-59935B863BAE}.Debug|Any CPU.Build.0 = Debug|Any CPU
		{62F5137D-6BD8-4DA3-8E45-59935B863BAE}.Release|Any CPU.ActiveCfg = Release|Any CPU
		{62F5137D-6BD8-4DA3-8E45-59935B863BAE}.Release|Any CPU.Build.0 = Release|Any CPU
		{2C4209A4-2B3F-4713-9E8A-5149A7183E87}.Debug|Any CPU.ActiveCfg = Debug|Any CPU
		{2C4209A4-2B3F-4713-9E8A-5149A7183E87}.Debug|Any CPU.Build.0 = Debug|Any CPU
		{2C4209A4-2B3F-4713-9E8A-5149A7183E87}.Release|Any CPU.ActiveCfg = Release|Any CPU
		{2C4209A4-2B3F-4713-9E8A-5149A7183E87}.Release|Any CPU.Build.0 = Release|Any CPU
		{9ADF37B1-F795-4909-AB3E-02C83AAEBDCD}.Debug|Any CPU.ActiveCfg = Debug|Any CPU
		{9ADF37B1-F795-4909-AB3E-02C83AAEBDCD}.Debug|Any CPU.Build.0 = Debug|Any CPU
		{9ADF37B1-F795-4909-AB3E-02C83AAEBDCD}.Release|Any CPU.ActiveCfg = Release|Any CPU
		{9ADF37B1-F795-4909-AB3E-02C83AAEBDCD}.Release|Any CPU.Build.0 = Release|Any CPU
	EndGlobalSection
	GlobalSection(SolutionProperties) = preSolution
		HideSolutionNode = FALSE
	EndGlobalSection
	GlobalSection(ExtensibilityGlobals) = postSolution
		SolutionGuid = {5A732470-C271-4BBB-A98C-03341A0A0D54}
	EndGlobalSection
EndGlobal
